
Microsoft Visual Studio Solution File, Format Version 12.00
# Visual Studio 15
VisualStudioVersion = 15.0.27703.2000
MinimumVisualStudioVersion = 10.0.40219.1
Project("{9A19103F-16F7-4668-BE54-9A1E7A4F7556}") = "Game", "Game\Game.csproj", "{A14A3D66-9E91-4631-875D-88EDD1C47C58}"
EndProject
Project("{9A19103F-16F7-4668-BE54-9A1E7A4F7556}") = "SDL2-CS.Core", "sdl2-cs\SDL2-CS.Core.csproj", "{21AE6A41-FBB5-4FA0-A6E3-943A131CD266}"
EndProject
Project("{2150E333-8FDC-42A3-9474-1A3956D46DE8}") = "src", "src", "{6BA15053-7678-4202-89B6-850D0DB097B4}"
EndProject
Project("{2150E333-8FDC-42A3-9474-1A3956D46DE8}") = "test", "test", "{AC0950F7-E824-476D-A677-83F71A073060}"
EndProject
Project("{9A19103F-16F7-4668-BE54-9A1E7A4F7556}") = "GUI.Test", "GUI.Test\GUI.Test.csproj", "{F073D70E-6480-4BB7-9FD1-A01B929311D4}"
EndProject
Project("{9A19103F-16F7-4668-BE54-9A1E7A4F7556}") = "GUI", "GUI\GUI.csproj", "{4B8310BF-CFD6-427A-AF9A-1BE9E505543D}"
EndProject
Project("{FAE04EC0-301F-11D3-BF4B-00C04F79EFBC}") = "Game.Test", "Game.Test\Game.Test.csproj", "{B5589201-C271-4700-BCDE-175785FEBF51}"
EndProject
Global
	GlobalSection(SolutionConfigurationPlatforms) = preSolution
		Debug|Any CPU = Debug|Any CPU
		Debug|x64 = Debug|x64
		Release|Any CPU = Release|Any CPU
		Release|x64 = Release|x64
	EndGlobalSection
	GlobalSection(ProjectConfigurationPlatforms) = postSolution
		{A14A3D66-9E91-4631-875D-88EDD1C47C58}.Debug|Any CPU.ActiveCfg = Debug|x64
		{A14A3D66-9E91-4631-875D-88EDD1C47C58}.Debug|x64.ActiveCfg = Debug|x64
		{A14A3D66-9E91-4631-875D-88EDD1C47C58}.Debug|x64.Build.0 = Debug|x64
		{A14A3D66-9E91-4631-875D-88EDD1C47C58}.Release|Any CPU.ActiveCfg = Release|x64
		{A14A3D66-9E91-4631-875D-88EDD1C47C58}.Release|x64.ActiveCfg = Release|x64
		{A14A3D66-9E91-4631-875D-88EDD1C47C58}.Release|x64.Build.0 = Release|x64
		{21AE6A41-FBB5-4FA0-A6E3-943A131CD266}.Debug|Any CPU.ActiveCfg = Debug|x64
		{21AE6A41-FBB5-4FA0-A6E3-943A131CD266}.Debug|x64.ActiveCfg = Debug|x64
		{21AE6A41-FBB5-4FA0-A6E3-943A131CD266}.Debug|x64.Build.0 = Debug|x64
		{21AE6A41-FBB5-4FA0-A6E3-943A131CD266}.Release|Any CPU.ActiveCfg = Release|x64
		{21AE6A41-FBB5-4FA0-A6E3-943A131CD266}.Release|x64.ActiveCfg = Release|x64
		{21AE6A41-FBB5-4FA0-A6E3-943A131CD266}.Release|x64.Build.0 = Release|x64
		{F073D70E-6480-4BB7-9FD1-A01B929311D4}.Debug|Any CPU.ActiveCfg = Debug|Any CPU
		{F073D70E-6480-4BB7-9FD1-A01B929311D4}.Debug|Any CPU.Build.0 = Debug|Any CPU
		{F073D70E-6480-4BB7-9FD1-A01B929311D4}.Debug|x64.ActiveCfg = Debug|Any CPU
		{F073D70E-6480-4BB7-9FD1-A01B929311D4}.Debug|x64.Build.0 = Debug|Any CPU
		{F073D70E-6480-4BB7-9FD1-A01B929311D4}.Release|Any CPU.ActiveCfg = Release|Any CPU
		{F073D70E-6480-4BB7-9FD1-A01B929311D4}.Release|Any CPU.Build.0 = Release|Any CPU
		{F073D70E-6480-4BB7-9FD1-A01B929311D4}.Release|x64.ActiveCfg = Release|Any CPU
		{F073D70E-6480-4BB7-9FD1-A01B929311D4}.Release|x64.Build.0 = Release|Any CPU
		{4B8310BF-CFD6-427A-AF9A-1BE9E505543D}.Debug|Any CPU.ActiveCfg = Debug|x64
		{4B8310BF-CFD6-427A-AF9A-1BE9E505543D}.Debug|x64.ActiveCfg = Debug|x64
		{4B8310BF-CFD6-427A-AF9A-1BE9E505543D}.Debug|x64.Build.0 = Debug|x64
		{4B8310BF-CFD6-427A-AF9A-1BE9E505543D}.Release|Any CPU.ActiveCfg = Release|x64
		{4B8310BF-CFD6-427A-AF9A-1BE9E505543D}.Release|x64.ActiveCfg = Release|x64
		{4B8310BF-CFD6-427A-AF9A-1BE9E505543D}.Release|x64.Build.0 = Release|x64
		{B5589201-C271-4700-BCDE-175785FEBF51}.Debug|Any CPU.ActiveCfg = Debug|Any CPU
		{B5589201-C271-4700-BCDE-175785FEBF51}.Debug|Any CPU.Build.0 = Debug|Any CPU
		{B5589201-C271-4700-BCDE-175785FEBF51}.Debug|x64.ActiveCfg = Debug|Any CPU
		{B5589201-C271-4700-BCDE-175785FEBF51}.Debug|x64.Build.0 = Debug|Any CPU
		{B5589201-C271-4700-BCDE-175785FEBF51}.Release|Any CPU.ActiveCfg = Release|Any CPU
		{B5589201-C271-4700-BCDE-175785FEBF51}.Release|Any CPU.Build.0 = Release|Any CPU
		{B5589201-C271-4700-BCDE-175785FEBF51}.Release|x64.ActiveCfg = Release|Any CPU
		{B5589201-C271-4700-BCDE-175785FEBF51}.Release|x64.Build.0 = Release|Any CPU
	EndGlobalSection
	GlobalSection(SolutionProperties) = preSolution
		HideSolutionNode = FALSE
	EndGlobalSection
	GlobalSection(NestedProjects) = preSolution
		{A14A3D66-9E91-4631-875D-88EDD1C47C58} = {6BA15053-7678-4202-89B6-850D0DB097B4}
		{F073D70E-6480-4BB7-9FD1-A01B929311D4} = {AC0950F7-E824-476D-A677-83F71A073060}
		{4B8310BF-CFD6-427A-AF9A-1BE9E505543D} = {6BA15053-7678-4202-89B6-850D0DB097B4}
		{B5589201-C271-4700-BCDE-175785FEBF51} = {AC0950F7-E824-476D-A677-83F71A073060}
	EndGlobalSection
	GlobalSection(ExtensibilityGlobals) = postSolution
		SolutionGuid = {4A1E1506-8B90-413F-B933-BC9D8FB97CB7}
	EndGlobalSection
EndGlobal
