
Microsoft Visual Studio Solution File, Format Version 12.00
# Visual Studio 15
VisualStudioVersion = 15.0.27703.2000
MinimumVisualStudioVersion = 10.0.40219.1
Project("{9A19103F-16F7-4668-BE54-9A1E7A4F7556}") = "GUI", "prototype\GUI.csproj", "{01887201-C2FA-44DF-90AF-4228C6F856D0}"
EndProject
Project("{9A19103F-16F7-4668-BE54-9A1E7A4F7556}") = "Game", "Game\Game.csproj", "{A14A3D66-9E91-4631-875D-88EDD1C47C58}"
EndProject
Project("{9A19103F-16F7-4668-BE54-9A1E7A4F7556}") = "SDL2-CS.Core", "sdl2-cs\SDL2-CS.Core.csproj", "{21AE6A41-FBB5-4FA0-A6E3-943A131CD266}"
EndProject
Global
	GlobalSection(SolutionConfigurationPlatforms) = preSolution
		Debug|x64 = Debug|x64
		Release|x64 = Release|x64
	EndGlobalSection
	GlobalSection(ProjectConfigurationPlatforms) = postSolution
		{01887201-C2FA-44DF-90AF-4228C6F856D0}.Debug|x64.ActiveCfg = Debug|x64
		{01887201-C2FA-44DF-90AF-4228C6F856D0}.Debug|x64.Build.0 = Debug|x64
		{01887201-C2FA-44DF-90AF-4228C6F856D0}.Release|x64.ActiveCfg = Release|x64
		{01887201-C2FA-44DF-90AF-4228C6F856D0}.Release|x64.Build.0 = Release|x64
		{A14A3D66-9E91-4631-875D-88EDD1C47C58}.Debug|x64.ActiveCfg = Debug|x64
		{A14A3D66-9E91-4631-875D-88EDD1C47C58}.Debug|x64.Build.0 = Debug|x64
		{A14A3D66-9E91-4631-875D-88EDD1C47C58}.Release|x64.ActiveCfg = Release|x64
		{A14A3D66-9E91-4631-875D-88EDD1C47C58}.Release|x64.Build.0 = Release|x64
		{21AE6A41-FBB5-4FA0-A6E3-943A131CD266}.Debug|x64.ActiveCfg = Debug|x64
		{21AE6A41-FBB5-4FA0-A6E3-943A131CD266}.Debug|x64.Build.0 = Debug|x64
		{21AE6A41-FBB5-4FA0-A6E3-943A131CD266}.Release|x64.ActiveCfg = Release|x64
		{21AE6A41-FBB5-4FA0-A6E3-943A131CD266}.Release|x64.Build.0 = Release|x64
	EndGlobalSection
	GlobalSection(SolutionProperties) = preSolution
		HideSolutionNode = FALSE
	EndGlobalSection
	GlobalSection(ExtensibilityGlobals) = postSolution
		SolutionGuid = {4A1E1506-8B90-413F-B933-BC9D8FB97CB7}
	EndGlobalSection
EndGlobal
