
Microsoft Visual Studio Solution File, Format Version 12.00
# Visual Studio 15
VisualStudioVersion = 15.0.27703.2000
MinimumVisualStudioVersion = 10.0.40219.1
Project("{2150E333-8FDC-42A3-9474-1A3956D46DE8}") = "src", "src", "{6BA15053-7678-4202-89B6-850D0DB097B4}"
EndProject
Project("{2150E333-8FDC-42A3-9474-1A3956D46DE8}") = "test", "test", "{AC0950F7-E824-476D-A677-83F71A073060}"
EndProject
Project("{2150E333-8FDC-42A3-9474-1A3956D46DE8}") = "Solution Items", "Solution Items", "{3E53F8CD-A68C-4941-94FF-23A7FE9FDAB3}"
	ProjectSection(SolutionItems) = preProject
		.gitignore = .gitignore
		.gitmodules = .gitmodules
		README.md = README.md
		TODO.md = TODO.md
	EndProjectSection
EndProject
Project("{FAE04EC0-301F-11D3-BF4B-00C04F79EFBC}") = "Game", "Game\Game.csproj", "{E19674AF-6990-4991-B051-1CAEE06714E4}"
EndProject
Project("{FAE04EC0-301F-11D3-BF4B-00C04F79EFBC}") = "Game.Test", "Game.Test\Game.Test.csproj", "{BF1E1678-68EB-4EAF-BCBD-66AFD2BD8871}"
EndProject
Project("{FAE04EC0-301F-11D3-BF4B-00C04F79EFBC}") = "GUI", "GUI\GUI.csproj", "{4C8E6D2C-821C-4C1B-9E5F-A210D10C4D13}"
EndProject
Project("{FAE04EC0-301F-11D3-BF4B-00C04F79EFBC}") = "SDL2-CS", "sdl2-cs\SDL2-CS.csproj", "{85480198-8711-4355-830E-72FD794AD3F6}"
EndProject
Project("{2150E333-8FDC-42A3-9474-1A3956D46DE8}") = "external", "external", "{F8EB3B1A-5F15-456D-BFFF-7DE365E30825}"
EndProject
Project("{FAE04EC0-301F-11D3-BF4B-00C04F79EFBC}") = "GUI.Test", "GUI.Test\GUI.Test.csproj", "{A2AB7691-C711-400B-9940-FF4605355302}"
EndProject
Global
	GlobalSection(SolutionConfigurationPlatforms) = preSolution
		Debug|Any CPU = Debug|Any CPU
		Debug|x64 = Debug|x64
		Debug|x86 = Debug|x86
		Release|Any CPU = Release|Any CPU
		Release|x64 = Release|x64
		Release|x86 = Release|x86
	EndGlobalSection
	GlobalSection(ProjectConfigurationPlatforms) = postSolution
		{E19674AF-6990-4991-B051-1CAEE06714E4}.Debug|Any CPU.ActiveCfg = Debug|Any CPU
		{E19674AF-6990-4991-B051-1CAEE06714E4}.Debug|Any CPU.Build.0 = Debug|Any CPU
		{E19674AF-6990-4991-B051-1CAEE06714E4}.Debug|x64.ActiveCfg = Debug|Any CPU
		{E19674AF-6990-4991-B051-1CAEE06714E4}.Debug|x64.Build.0 = Debug|Any CPU
		{E19674AF-6990-4991-B051-1CAEE06714E4}.Debug|x86.ActiveCfg = Debug|Any CPU
		{E19674AF-6990-4991-B051-1CAEE06714E4}.Debug|x86.Build.0 = Debug|Any CPU
		{E19674AF-6990-4991-B051-1CAEE06714E4}.Release|Any CPU.ActiveCfg = Release|Any CPU
		{E19674AF-6990-4991-B051-1CAEE06714E4}.Release|Any CPU.Build.0 = Release|Any CPU
		{E19674AF-6990-4991-B051-1CAEE06714E4}.Release|x64.ActiveCfg = Release|Any CPU
		{E19674AF-6990-4991-B051-1CAEE06714E4}.Release|x64.Build.0 = Release|Any CPU
		{E19674AF-6990-4991-B051-1CAEE06714E4}.Release|x86.ActiveCfg = Release|Any CPU
		{E19674AF-6990-4991-B051-1CAEE06714E4}.Release|x86.Build.0 = Release|Any CPU
		{BF1E1678-68EB-4EAF-BCBD-66AFD2BD8871}.Debug|Any CPU.ActiveCfg = Debug|Any CPU
		{BF1E1678-68EB-4EAF-BCBD-66AFD2BD8871}.Debug|Any CPU.Build.0 = Debug|Any CPU
		{BF1E1678-68EB-4EAF-BCBD-66AFD2BD8871}.Debug|x64.ActiveCfg = Debug|Any CPU
		{BF1E1678-68EB-4EAF-BCBD-66AFD2BD8871}.Debug|x64.Build.0 = Debug|Any CPU
		{BF1E1678-68EB-4EAF-BCBD-66AFD2BD8871}.Debug|x86.ActiveCfg = Debug|Any CPU
		{BF1E1678-68EB-4EAF-BCBD-66AFD2BD8871}.Debug|x86.Build.0 = Debug|Any CPU
		{BF1E1678-68EB-4EAF-BCBD-66AFD2BD8871}.Release|Any CPU.ActiveCfg = Release|Any CPU
		{BF1E1678-68EB-4EAF-BCBD-66AFD2BD8871}.Release|Any CPU.Build.0 = Release|Any CPU
		{BF1E1678-68EB-4EAF-BCBD-66AFD2BD8871}.Release|x64.ActiveCfg = Release|Any CPU
		{BF1E1678-68EB-4EAF-BCBD-66AFD2BD8871}.Release|x64.Build.0 = Release|Any CPU
		{BF1E1678-68EB-4EAF-BCBD-66AFD2BD8871}.Release|x86.ActiveCfg = Release|Any CPU
		{BF1E1678-68EB-4EAF-BCBD-66AFD2BD8871}.Release|x86.Build.0 = Release|Any CPU
		{4C8E6D2C-821C-4C1B-9E5F-A210D10C4D13}.Debug|Any CPU.ActiveCfg = Debug|Any CPU
		{4C8E6D2C-821C-4C1B-9E5F-A210D10C4D13}.Debug|Any CPU.Build.0 = Debug|Any CPU
		{4C8E6D2C-821C-4C1B-9E5F-A210D10C4D13}.Debug|x64.ActiveCfg = Debug|Any CPU
		{4C8E6D2C-821C-4C1B-9E5F-A210D10C4D13}.Debug|x64.Build.0 = Debug|Any CPU
		{4C8E6D2C-821C-4C1B-9E5F-A210D10C4D13}.Debug|x86.ActiveCfg = Debug|Any CPU
		{4C8E6D2C-821C-4C1B-9E5F-A210D10C4D13}.Debug|x86.Build.0 = Debug|Any CPU
		{4C8E6D2C-821C-4C1B-9E5F-A210D10C4D13}.Release|Any CPU.ActiveCfg = Release|Any CPU
		{4C8E6D2C-821C-4C1B-9E5F-A210D10C4D13}.Release|Any CPU.Build.0 = Release|Any CPU
		{4C8E6D2C-821C-4C1B-9E5F-A210D10C4D13}.Release|x64.ActiveCfg = Release|Any CPU
		{4C8E6D2C-821C-4C1B-9E5F-A210D10C4D13}.Release|x64.Build.0 = Release|Any CPU
		{4C8E6D2C-821C-4C1B-9E5F-A210D10C4D13}.Release|x86.ActiveCfg = Release|Any CPU
		{4C8E6D2C-821C-4C1B-9E5F-A210D10C4D13}.Release|x86.Build.0 = Release|Any CPU
		{85480198-8711-4355-830E-72FD794AD3F6}.Debug|Any CPU.ActiveCfg = Debug|Any CPU
		{85480198-8711-4355-830E-72FD794AD3F6}.Debug|Any CPU.Build.0 = Debug|Any CPU
		{85480198-8711-4355-830E-72FD794AD3F6}.Debug|x64.ActiveCfg = Debug|x64
		{85480198-8711-4355-830E-72FD794AD3F6}.Debug|x64.Build.0 = Debug|x64
		{85480198-8711-4355-830E-72FD794AD3F6}.Debug|x86.ActiveCfg = Debug|x86
		{85480198-8711-4355-830E-72FD794AD3F6}.Debug|x86.Build.0 = Debug|x86
		{85480198-8711-4355-830E-72FD794AD3F6}.Release|Any CPU.ActiveCfg = Release|Any CPU
		{85480198-8711-4355-830E-72FD794AD3F6}.Release|Any CPU.Build.0 = Release|Any CPU
		{85480198-8711-4355-830E-72FD794AD3F6}.Release|x64.ActiveCfg = Release|x64
		{85480198-8711-4355-830E-72FD794AD3F6}.Release|x64.Build.0 = Release|x64
		{85480198-8711-4355-830E-72FD794AD3F6}.Release|x86.ActiveCfg = Release|x86
		{85480198-8711-4355-830E-72FD794AD3F6}.Release|x86.Build.0 = Release|x86
		{A2AB7691-C711-400B-9940-FF4605355302}.Debug|Any CPU.ActiveCfg = Debug|Any CPU
		{A2AB7691-C711-400B-9940-FF4605355302}.Debug|Any CPU.Build.0 = Debug|Any CPU
		{A2AB7691-C711-400B-9940-FF4605355302}.Debug|x64.ActiveCfg = Debug|Any CPU
		{A2AB7691-C711-400B-9940-FF4605355302}.Debug|x64.Build.0 = Debug|Any CPU
		{A2AB7691-C711-400B-9940-FF4605355302}.Debug|x86.ActiveCfg = Debug|Any CPU
		{A2AB7691-C711-400B-9940-FF4605355302}.Debug|x86.Build.0 = Debug|Any CPU
		{A2AB7691-C711-400B-9940-FF4605355302}.Release|Any CPU.ActiveCfg = Release|Any CPU
		{A2AB7691-C711-400B-9940-FF4605355302}.Release|Any CPU.Build.0 = Release|Any CPU
		{A2AB7691-C711-400B-9940-FF4605355302}.Release|x64.ActiveCfg = Release|Any CPU
		{A2AB7691-C711-400B-9940-FF4605355302}.Release|x64.Build.0 = Release|Any CPU
		{A2AB7691-C711-400B-9940-FF4605355302}.Release|x86.ActiveCfg = Release|Any CPU
		{A2AB7691-C711-400B-9940-FF4605355302}.Release|x86.Build.0 = Release|Any CPU
	EndGlobalSection
	GlobalSection(SolutionProperties) = preSolution
		HideSolutionNode = FALSE
	EndGlobalSection
	GlobalSection(NestedProjects) = preSolution
		{E19674AF-6990-4991-B051-1CAEE06714E4} = {6BA15053-7678-4202-89B6-850D0DB097B4}
		{BF1E1678-68EB-4EAF-BCBD-66AFD2BD8871} = {AC0950F7-E824-476D-A677-83F71A073060}
		{4C8E6D2C-821C-4C1B-9E5F-A210D10C4D13} = {6BA15053-7678-4202-89B6-850D0DB097B4}
		{85480198-8711-4355-830E-72FD794AD3F6} = {F8EB3B1A-5F15-456D-BFFF-7DE365E30825}
		{A2AB7691-C711-400B-9940-FF4605355302} = {AC0950F7-E824-476D-A677-83F71A073060}
	EndGlobalSection
	GlobalSection(ExtensibilityGlobals) = postSolution
		SolutionGuid = {4A1E1506-8B90-413F-B933-BC9D8FB97CB7}
	EndGlobalSection
EndGlobal
